hash: c35dd260f52149b91e46c480789bbc9885ac985a21ed7cb73a9ce13ab91a0c66
updated: 2017-08-18T13:08:07.55706925+02:00
imports:
- name: github.com/boltdb/bolt
  version: 2f1ce7a837dcb8da3ec595b1dac9d0632f0f99e8
- name: github.com/technoweenie/multipartstreamer
  version: a90a01d73ae432e2611d178c18367fbaa13e0154
- name: gopkg.in/telegram-bot-api.v4
  version: 0a57807db79efce7f6719fbb2c0e0f83fda79aec
testImports: []
